{
  "name": "twitch-logger",
  "version": "1.0.0",
  "lockfileVersion": 3,
  "requires": true,
  "packages": {
    "": {
      "name": "twitch-logger",
      "version": "1.0.0",
      "hasInstallScript": true,
      "license": "ISC",
      "engines": {
        "node": ">=24.12.0 <25.0.0",
        "pnpm": ">=9.15.4"
      }
    }
  }
}
